
Microsoft Visual Studio Solution File, Format Version 12.00
# Visual Studio Version 17
VisualStudioVersion = 17.0.31903.59
MinimumVisualStudioVersion = 10.0.40219.1
Project("{2150E333-8FDC-42A3-9474-1A3956D46DE8}") = "src", "src", "{827E0CD3-B72D-47B6-A68D-7590B98EB39B}"
EndProject
Project("{FAE04EC0-301F-11D3-BF4B-00C04F79EFBC}") = "GameController.FBServiceExt", "src\GameController.FBServiceExt\GameController.FBServiceExt.csproj", "{C69DDF99-29CB-4B91-9DEA-628AD8DD9724}"
EndProject
Project("{FAE04EC0-301F-11D3-BF4B-00C04F79EFBC}") = "GameController.FBServiceExt.Worker", "src\GameController.FBServiceExt.Worker\GameController.FBServiceExt.Worker.csproj", "{296429D8-0EEF-4581-8549-572E01AFE9CE}"
EndProject
Project("{FAE04EC0-301F-11D3-BF4B-00C04F79EFBC}") = "GameController.FBServiceExt.Application", "src\GameController.FBServiceExt.Application\GameController.FBServiceExt.Application.csproj", "{3B144A54-0DF3-4353-A26A-284BF87649BB}"
EndProject
Project("{FAE04EC0-301F-11D3-BF4B-00C04F79EFBC}") = "GameController.FBServiceExt.Domain", "src\GameController.FBServiceExt.Domain\GameController.FBServiceExt.Domain.csproj", "{E0FF5F4B-55BA-44FE-8289-AFB8714C77A3}"
EndProject
Project("{FAE04EC0-301F-11D3-BF4B-00C04F79EFBC}") = "GameController.FBServiceExt.Infrastructure", "src\GameController.FBServiceExt.Infrastructure\GameController.FBServiceExt.Infrastructure.csproj", "{8BB38E49-77C7-46E3-9B26-A8496ADEBD1B}"
EndProject
Project("{2150E333-8FDC-42A3-9474-1A3956D46DE8}") = "tests", "tests", "{0AB3BF05-4346-4AA6-1389-037BE0695223}"
EndProject
Project("{FAE04EC0-301F-11D3-BF4B-00C04F79EFBC}") = "GameController.FBServiceExt.Tests", "tests\GameController.FBServiceExt.Tests\GameController.FBServiceExt.Tests.csproj", "{9E492320-4C9B-4722-B7E8-B217C1870902}"
EndProject
Global
	GlobalSection(SolutionConfigurationPlatforms) = preSolution
		Debug|Any CPU = Debug|Any CPU
		Debug|x64 = Debug|x64
		Debug|x86 = Debug|x86
		Release|Any CPU = Release|Any CPU
		Release|x64 = Release|x64
		Release|x86 = Release|x86
	EndGlobalSection
	GlobalSection(ProjectConfigurationPlatforms) = postSolution
		{C69DDF99-29CB-4B91-9DEA-628AD8DD9724}.Debug|Any CPU.ActiveCfg = Debug|Any CPU
		{C69DDF99-29CB-4B91-9DEA-628AD8DD9724}.Debug|Any CPU.Build.0 = Debug|Any CPU
		{C69DDF99-29CB-4B91-9DEA-628AD8DD9724}.Debug|x64.ActiveCfg = Debug|Any CPU
		{C69DDF99-29CB-4B91-9DEA-628AD8DD9724}.Debug|x64.Build.0 = Debug|Any CPU
		{C69DDF99-29CB-4B91-9DEA-628AD8DD9724}.Debug|x86.ActiveCfg = Debug|Any CPU
		{C69DDF99-29CB-4B91-9DEA-628AD8DD9724}.Debug|x86.Build.0 = Debug|Any CPU
		{C69DDF99-29CB-4B91-9DEA-628AD8DD9724}.Release|Any CPU.ActiveCfg = Release|Any CPU
		{C69DDF99-29CB-4B91-9DEA-628AD8DD9724}.Release|Any CPU.Build.0 = Release|Any CPU
		{C69DDF99-29CB-4B91-9DEA-628AD8DD9724}.Release|x64.ActiveCfg = Release|Any CPU
		{C69DDF99-29CB-4B91-9DEA-628AD8DD9724}.Release|x64.Build.0 = Release|Any CPU
		{C69DDF99-29CB-4B91-9DEA-628AD8DD9724}.Release|x86.ActiveCfg = Release|Any CPU
		{C69DDF99-29CB-4B91-9DEA-628AD8DD9724}.Release|x86.Build.0 = Release|Any CPU
		{296429D8-0EEF-4581-8549-572E01AFE9CE}.Debug|Any CPU.ActiveCfg = Debug|Any CPU
		{296429D8-0EEF-4581-8549-572E01AFE9CE}.Debug|Any CPU.Build.0 = Debug|Any CPU
		{296429D8-0EEF-4581-8549-572E01AFE9CE}.Debug|x64.ActiveCfg = Debug|Any CPU
		{296429D8-0EEF-4581-8549-572E01AFE9CE}.Debug|x64.Build.0 = Debug|Any CPU
		{296429D8-0EEF-4581-8549-572E01AFE9CE}.Debug|x86.ActiveCfg = Debug|Any CPU
		{296429D8-0EEF-4581-8549-572E01AFE9CE}.Debug|x86.Build.0 = Debug|Any CPU
		{296429D8-0EEF-4581-8549-572E01AFE9CE}.Release|Any CPU.ActiveCfg = Release|Any CPU
		{296429D8-0EEF-4581-8549-572E01AFE9CE}.Release|Any CPU.Build.0 = Release|Any CPU
		{296429D8-0EEF-4581-8549-572E01AFE9CE}.Release|x64.ActiveCfg = Release|Any CPU
		{296429D8-0EEF-4581-8549-572E01AFE9CE}.Release|x64.Build.0 = Release|Any CPU
		{296429D8-0EEF-4581-8549-572E01AFE9CE}.Release|x86.ActiveCfg = Release|Any CPU
		{296429D8-0EEF-4581-8549-572E01AFE9CE}.Release|x86.Build.0 = Release|Any CPU
		{3B144A54-0DF3-4353-A26A-284BF87649BB}.Debug|Any CPU.ActiveCfg = Debug|Any CPU
		{3B144A54-0DF3-4353-A26A-284BF87649BB}.Debug|Any CPU.Build.0 = Debug|Any CPU
		{3B144A54-0DF3-4353-A26A-284BF87649BB}.Debug|x64.ActiveCfg = Debug|Any CPU
		{3B144A54-0DF3-4353-A26A-284BF87649BB}.Debug|x64.Build.0 = Debug|Any CPU
		{3B144A54-0DF3-4353-A26A-284BF87649BB}.Debug|x86.ActiveCfg = Debug|Any CPU
		{3B144A54-0DF3-4353-A26A-284BF87649BB}.Debug|x86.Build.0 = Debug|Any CPU
		{3B144A54-0DF3-4353-A26A-284BF87649BB}.Release|Any CPU.ActiveCfg = Release|Any CPU
		{3B144A54-0DF3-4353-A26A-284BF87649BB}.Release|Any CPU.Build.0 = Release|Any CPU
		{3B144A54-0DF3-4353-A26A-284BF87649BB}.Release|x64.ActiveCfg = Release|Any CPU
		{3B144A54-0DF3-4353-A26A-284BF87649BB}.Release|x64.Build.0 = Release|Any CPU
		{3B144A54-0DF3-4353-A26A-284BF87649BB}.Release|x86.ActiveCfg = Release|Any CPU
		{3B144A54-0DF3-4353-A26A-284BF87649BB}.Release|x86.Build.0 = Release|Any CPU
		{E0FF5F4B-55BA-44FE-8289-AFB8714C77A3}.Debug|Any CPU.ActiveCfg = Debug|Any CPU
		{E0FF5F4B-55BA-44FE-8289-AFB8714C77A3}.Debug|Any CPU.Build.0 = Debug|Any CPU
		{E0FF5F4B-55BA-44FE-8289-AFB8714C77A3}.Debug|x64.ActiveCfg = Debug|Any CPU
		{E0FF5F4B-55BA-44FE-8289-AFB8714C77A3}.Debug|x64.Build.0 = Debug|Any CPU
		{E0FF5F4B-55BA-44FE-8289-AFB8714C77A3}.Debug|x86.ActiveCfg = Debug|Any CPU
		{E0FF5F4B-55BA-44FE-8289-AFB8714C77A3}.Debug|x86.Build.0 = Debug|Any CPU
		{E0FF5F4B-55BA-44FE-8289-AFB8714C77A3}.Release|Any CPU.ActiveCfg = Release|Any CPU
		{E0FF5F4B-55BA-44FE-8289-AFB8714C77A3}.Release|Any CPU.Build.0 = Release|Any CPU
		{E0FF5F4B-55BA-44FE-8289-AFB8714C77A3}.Release|x64.ActiveCfg = Release|Any CPU
		{E0FF5F4B-55BA-44FE-8289-AFB8714C77A3}.Release|x64.Build.0 = Release|Any CPU
		{E0FF5F4B-55BA-44FE-8289-AFB8714C77A3}.Release|x86.ActiveCfg = Release|Any CPU
		{E0FF5F4B-55BA-44FE-8289-AFB8714C77A3}.Release|x86.Build.0 = Release|Any CPU
		{8BB38E49-77C7-46E3-9B26-A8496ADEBD1B}.Debug|Any CPU.ActiveCfg = Debug|Any CPU
		{8BB38E49-77C7-46E3-9B26-A8496ADEBD1B}.Debug|Any CPU.Build.0 = Debug|Any CPU
		{8BB38E49-77C7-46E3-9B26-A8496ADEBD1B}.Debug|x64.ActiveCfg = Debug|Any CPU
		{8BB38E49-77C7-46E3-9B26-A8496ADEBD1B}.Debug|x64.Build.0 = Debug|Any CPU
		{8BB38E49-77C7-46E3-9B26-A8496ADEBD1B}.Debug|x86.ActiveCfg = Debug|Any CPU
		{8BB38E49-77C7-46E3-9B26-A8496ADEBD1B}.Debug|x86.Build.0 = Debug|Any CPU
		{8BB38E49-77C7-46E3-9B26-A8496ADEBD1B}.Release|Any CPU.ActiveCfg = Release|Any CPU
		{8BB38E49-77C7-46E3-9B26-A8496ADEBD1B}.Release|Any CPU.Build.0 = Release|Any CPU
		{8BB38E49-77C7-46E3-9B26-A8496ADEBD1B}.Release|x64.ActiveCfg = Release|Any CPU
		{8BB38E49-77C7-46E3-9B26-A8496ADEBD1B}.Release|x64.Build.0 = Release|Any CPU
		{8BB38E49-77C7-46E3-9B26-A8496ADEBD1B}.Release|x86.ActiveCfg = Release|Any CPU
		{8BB38E49-77C7-46E3-9B26-A8496ADEBD1B}.Release|x86.Build.0 = Release|Any CPU
		{9E492320-4C9B-4722-B7E8-B217C1870902}.Debug|Any CPU.ActiveCfg = Debug|Any CPU
		{9E492320-4C9B-4722-B7E8-B217C1870902}.Debug|Any CPU.Build.0 = Debug|Any CPU
		{9E492320-4C9B-4722-B7E8-B217C1870902}.Debug|x64.ActiveCfg = Debug|Any CPU
		{9E492320-4C9B-4722-B7E8-B217C1870902}.Debug|x64.Build.0 = Debug|Any CPU
		{9E492320-4C9B-4722-B7E8-B217C1870902}.Debug|x86.ActiveCfg = Debug|Any CPU
		{9E492320-4C9B-4722-B7E8-B217C1870902}.Debug|x86.Build.0 = Debug|Any CPU
		{9E492320-4C9B-4722-B7E8-B217C1870902}.Release|Any CPU.ActiveCfg = Release|Any CPU
		{9E492320-4C9B-4722-B7E8-B217C1870902}.Release|Any CPU.Build.0 = Release|Any CPU
		{9E492320-4C9B-4722-B7E8-B217C1870902}.Release|x64.ActiveCfg = Release|Any CPU
		{9E492320-4C9B-4722-B7E8-B217C1870902}.Release|x64.Build.0 = Release|Any CPU
		{9E492320-4C9B-4722-B7E8-B217C1870902}.Release|x86.ActiveCfg = Release|Any CPU
		{9E492320-4C9B-4722-B7E8-B217C1870902}.Release|x86.Build.0 = Release|Any CPU
	EndGlobalSection
	GlobalSection(SolutionProperties) = preSolution
		HideSolutionNode = FALSE
	EndGlobalSection
	GlobalSection(NestedProjects) = preSolution
		{C69DDF99-29CB-4B91-9DEA-628AD8DD9724} = {827E0CD3-B72D-47B6-A68D-7590B98EB39B}
		{296429D8-0EEF-4581-8549-572E01AFE9CE} = {827E0CD3-B72D-47B6-A68D-7590B98EB39B}
		{3B144A54-0DF3-4353-A26A-284BF87649BB} = {827E0CD3-B72D-47B6-A68D-7590B98EB39B}
		{E0FF5F4B-55BA-44FE-8289-AFB8714C77A3} = {827E0CD3-B72D-47B6-A68D-7590B98EB39B}
		{8BB38E49-77C7-46E3-9B26-A8496ADEBD1B} = {827E0CD3-B72D-47B6-A68D-7590B98EB39B}
		{9E492320-4C9B-4722-B7E8-B217C1870902} = {0AB3BF05-4346-4AA6-1389-037BE0695223}
	EndGlobalSection
EndGlobal
